
Microsoft Visual Studio Solution File, Format Version 12.00
# Visual Studio Version 17
VisualStudioVersion = 17.9.34728.123
MinimumVisualStudioVersion = 10.0.40219.1
Project("{FAE04EC0-301F-11D3-BF4B-00C04F79EFBC}") = "if and else kordamine", "if and else kordamine.csproj", "{F30AEADF-0FB4-45AA-BA91-B18DB9DA1B5B}"
EndProject
Global
	GlobalSection(SolutionConfigurationPlatforms) = preSolution
		Debug|Any CPU = Debug|Any CPU
		Release|Any CPU = Release|Any CPU
	EndGlobalSection
	GlobalSection(ProjectConfigurationPlatforms) = postSolution
		{F30AEADF-0FB4-45AA-BA91-B18DB9DA1B5B}.Debug|Any CPU.ActiveCfg = Debug|Any CPU
		{F30AEADF-0FB4-45AA-BA91-B18DB9DA1B5B}.Debug|Any CPU.Build.0 = Debug|Any CPU
		{F30AEADF-0FB4-45AA-BA91-B18DB9DA1B5B}.Release|Any CPU.ActiveCfg = Release|Any CPU
		{F30AEADF-0FB4-45AA-BA91-B18DB9DA1B5B}.Release|Any CPU.Build.0 = Release|Any CPU
	EndGlobalSection
	GlobalSection(SolutionProperties) = preSolution
		HideSolutionNode = FALSE
	EndGlobalSection
	GlobalSection(ExtensibilityGlobals) = postSolution
		SolutionGuid = {74BFE0A3-CDC2-489D-91A8-0DB008F89116}
	EndGlobalSection
EndGlobal
