
Microsoft Visual Studio Solution File, Format Version 12.00
# Visual Studio Version 17
VisualStudioVersion = 17.9.34728.123
MinimumVisualStudioVersion = 10.0.40219.1
Project("{FAE04EC0-301F-11D3-BF4B-00C04F79EFBC}") = "ruudu kuju ja pindala", "ruudu kuju ja pindala.csproj", "{A643DD98-4178-4E0A-A2B5-E22D3BCD9DA8}"
EndProject
Global
	GlobalSection(SolutionConfigurationPlatforms) = preSolution
		Debug|Any CPU = Debug|Any CPU
		Release|Any CPU = Release|Any CPU
	EndGlobalSection
	GlobalSection(ProjectConfigurationPlatforms) = postSolution
		{A643DD98-4178-4E0A-A2B5-E22D3BCD9DA8}.Debug|Any CPU.ActiveCfg = Debug|Any CPU
		{A643DD98-4178-4E0A-A2B5-E22D3BCD9DA8}.Debug|Any CPU.Build.0 = Debug|Any CPU
		{A643DD98-4178-4E0A-A2B5-E22D3BCD9DA8}.Release|Any CPU.ActiveCfg = Release|Any CPU
		{A643DD98-4178-4E0A-A2B5-E22D3BCD9DA8}.Release|Any CPU.Build.0 = Release|Any CPU
	EndGlobalSection
	GlobalSection(SolutionProperties) = preSolution
		HideSolutionNode = FALSE
	EndGlobalSection
	GlobalSection(ExtensibilityGlobals) = postSolution
		SolutionGuid = {C6A77A42-18D7-41E9-A57D-46EEDC0DA209}
	EndGlobalSection
EndGlobal
