
Microsoft Visual Studio Solution File, Format Version 12.00
# Visual Studio Version 17
VisualStudioVersion = 17.9.34728.123
MinimumVisualStudioVersion = 10.0.40219.1
Project("{FAE04EC0-301F-11D3-BF4B-00C04F79EFBC}") = "whiledo", "whiledo.csproj", "{09E42145-38A4-4B29-B1C1-D120BAFF0F55}"
EndProject
Global
	GlobalSection(SolutionConfigurationPlatforms) = preSolution
		Debug|Any CPU = Debug|Any CPU
		Release|Any CPU = Release|Any CPU
	EndGlobalSection
	GlobalSection(ProjectConfigurationPlatforms) = postSolution
		{09E42145-38A4-4B29-B1C1-D120BAFF0F55}.Debug|Any CPU.ActiveCfg = Debug|Any CPU
		{09E42145-38A4-4B29-B1C1-D120BAFF0F55}.Debug|Any CPU.Build.0 = Debug|Any CPU
		{09E42145-38A4-4B29-B1C1-D120BAFF0F55}.Release|Any CPU.ActiveCfg = Release|Any CPU
		{09E42145-38A4-4B29-B1C1-D120BAFF0F55}.Release|Any CPU.Build.0 = Release|Any CPU
	EndGlobalSection
	GlobalSection(SolutionProperties) = preSolution
		HideSolutionNode = FALSE
	EndGlobalSection
	GlobalSection(ExtensibilityGlobals) = postSolution
		SolutionGuid = {91156FE1-D9E9-4FF9-9585-971B6398B97D}
	EndGlobalSection
EndGlobal
