
Microsoft Visual Studio Solution File, Format Version 12.00
# Visual Studio Version 17
VisualStudioVersion = 17.9.34728.123
MinimumVisualStudioVersion = 10.0.40219.1
Project("{FAE04EC0-301F-11D3-BF4B-00C04F79EFBC}") = "switch3", "switch3.csproj", "{C2C0EAFA-4C52-4024-9D0E-7FDEFA1387BB}"
EndProject
Global
	GlobalSection(SolutionConfigurationPlatforms) = preSolution
		Debug|Any CPU = Debug|Any CPU
		Release|Any CPU = Release|Any CPU
	EndGlobalSection
	GlobalSection(ProjectConfigurationPlatforms) = postSolution
		{C2C0EAFA-4C52-4024-9D0E-7FDEFA1387BB}.Debug|Any CPU.ActiveCfg = Debug|Any CPU
		{C2C0EAFA-4C52-4024-9D0E-7FDEFA1387BB}.Debug|Any CPU.Build.0 = Debug|Any CPU
		{C2C0EAFA-4C52-4024-9D0E-7FDEFA1387BB}.Release|Any CPU.ActiveCfg = Release|Any CPU
		{C2C0EAFA-4C52-4024-9D0E-7FDEFA1387BB}.Release|Any CPU.Build.0 = Release|Any CPU
	EndGlobalSection
	GlobalSection(SolutionProperties) = preSolution
		HideSolutionNode = FALSE
	EndGlobalSection
	GlobalSection(ExtensibilityGlobals) = postSolution
		SolutionGuid = {A284398E-712C-48DA-ABA2-FD62435EE6BF}
	EndGlobalSection
EndGlobal
